
Microsoft Visual Studio Solution File, Format Version 12.00
# Visual Studio Version 16
VisualStudioVersion = 16.0.31205.134
MinimumVisualStudioVersion = 10.0.40219.1
Project("{FAE04EC0-301F-11D3-BF4B-00C04F79EFBC}") = "CryptoManager", "CryptoManager.csproj", "{158CD4D7-E857-4A87-9399-A7476A16CFC1}"
EndProject
Global
	GlobalSection(SolutionConfigurationPlatforms) = preSolution
		Debug|Any CPU = Debug|Any CPU
		Release|Any CPU = Release|Any CPU
	EndGlobalSection
	GlobalSection(ProjectConfigurationPlatforms) = postSolution
		{158CD4D7-E857-4A87-9399-A7476A16CFC1}.Debug|Any CPU.ActiveCfg = Debug|Any CPU
		{158CD4D7-E857-4A87-9399-A7476A16CFC1}.Debug|Any CPU.Build.0 = Debug|Any CPU
		{158CD4D7-E857-4A87-9399-A7476A16CFC1}.Release|Any CPU.ActiveCfg = Release|Any CPU
		{158CD4D7-E857-4A87-9399-A7476A16CFC1}.Release|Any CPU.Build.0 = Release|Any CPU
	EndGlobalSection
	GlobalSection(SolutionProperties) = preSolution
		HideSolutionNode = FALSE
	EndGlobalSection
	GlobalSection(ExtensibilityGlobals) = postSolution
		SolutionGuid = {10789081-9265-403E-842C-E426396588A7}
	EndGlobalSection
EndGlobal
